
Microsoft Visual Studio Solution File, Format Version 12.00
# Visual Studio 15
VisualStudioVersion = 15.0.28307.1259
MinimumVisualStudioVersion = 10.0.40219.1
Project("{FAE04EC0-301F-11D3-BF4B-00C04F79EFBC}") = "mobaClient", "mobaClient\mobaClient.csproj", "{887EB343-DBFD-4391-A957-0A123CEC66A5}"
EndProject
Project("{FAE04EC0-301F-11D3-BF4B-00C04F79EFBC}") = "MobaServer", "MobaServer\MobaServer.csproj", "{D7A81DC7-EE75-41F1-8078-281969E447CB}"
EndProject
Global
	GlobalSection(SolutionConfigurationPlatforms) = preSolution
		Debug|Any CPU = Debug|Any CPU
		Release|Any CPU = Release|Any CPU
	EndGlobalSection
	GlobalSection(ProjectConfigurationPlatforms) = postSolution
		{887EB343-DBFD-4391-A957-0A123CEC66A5}.Debug|Any CPU.ActiveCfg = Debug|Any CPU
		{887EB343-DBFD-4391-A957-0A123CEC66A5}.Debug|Any CPU.Build.0 = Debug|Any CPU
		{887EB343-DBFD-4391-A957-0A123CEC66A5}.Release|Any CPU.ActiveCfg = Release|Any CPU
		{887EB343-DBFD-4391-A957-0A123CEC66A5}.Release|Any CPU.Build.0 = Release|Any CPU
		{D7A81DC7-EE75-41F1-8078-281969E447CB}.Debug|Any CPU.ActiveCfg = Debug|Any CPU
		{D7A81DC7-EE75-41F1-8078-281969E447CB}.Debug|Any CPU.Build.0 = Debug|Any CPU
		{D7A81DC7-EE75-41F1-8078-281969E447CB}.Release|Any CPU.ActiveCfg = Release|Any CPU
		{D7A81DC7-EE75-41F1-8078-281969E447CB}.Release|Any CPU.Build.0 = Release|Any CPU
	EndGlobalSection
	GlobalSection(SolutionProperties) = preSolution
		HideSolutionNode = FALSE
	EndGlobalSection
	GlobalSection(ExtensibilityGlobals) = postSolution
		SolutionGuid = {D9308477-E780-4EB3-BDDD-A65B656F08B1}
	EndGlobalSection
EndGlobal
